
Microsoft Visual Studio Solution File, Format Version 12.00
# Visual Studio Version 17
VisualStudioVersion = 17.8.34330.188
MinimumVisualStudioVersion = 10.0.40219.1
Project("{FAE04EC0-301F-11D3-BF4B-00C04F79EFBC}") = "NBTest", "NBTest.csproj", "{A47218AA-533A-43EE-BE13-58F727B62B60}"
EndProject
Global
	GlobalSection(SolutionConfigurationPlatforms) = preSolution
		Debug|Any CPU = Debug|Any CPU
		Release|Any CPU = Release|Any CPU
	EndGlobalSection
	GlobalSection(ProjectConfigurationPlatforms) = postSolution
		{A47218AA-533A-43EE-BE13-58F727B62B60}.Debug|Any CPU.ActiveCfg = Debug|Any CPU
		{A47218AA-533A-43EE-BE13-58F727B62B60}.Debug|Any CPU.Build.0 = Debug|Any CPU
		{A47218AA-533A-43EE-BE13-58F727B62B60}.Release|Any CPU.ActiveCfg = Release|Any CPU
		{A47218AA-533A-43EE-BE13-58F727B62B60}.Release|Any CPU.Build.0 = Release|Any CPU
	EndGlobalSection
	GlobalSection(SolutionProperties) = preSolution
		HideSolutionNode = FALSE
	EndGlobalSection
	GlobalSection(ExtensibilityGlobals) = postSolution
		SolutionGuid = {3927DC3B-D2D5-4366-85BD-DE1BA08684FE}
	EndGlobalSection
EndGlobal
